PODS:
  - OMGHTTPURLRQ/UserAgent (3.2.0)
  - SwiftyJSON (2.3.2)
  - TDOAuth (1.1.3):
    - OMGHTTPURLRQ/UserAgent
  - YelpAPI (1.1.0):
    - TDOAuth (~> 1.1)

DEPENDENCIES:
  - SwiftyJSON
  - YelpAPI

SPEC CHECKSUMS:
  OMGHTTPURLRQ: 1e54807cb7d5dbb506926e53498e1e9ac5720c79
  SwiftyJSON: 04ccea08915aa0109039157c7974cf0298da292a
  TDOAuth: 82474f45874759a094034b9454c75153062f6771
  YelpAPI: 66b689666a3cd40d5acc3ae27f3787cd559e9f7d

PODFILE CHECKSUM: b27b4eab73329a796aaf22d23ef3bb6a494f4c16

COCOAPODS: 1.0.1
